// !$*UTF8*$!
{
	archiveVersion = 1;
	classes = {
	};
	objectVersion = 46;
	objects = {

/* Begin PBXBuildFile section */
		07F66B4FC49C15A8142998B4 /* Foundation.framework in Frameworks */ = {isa = PBXBuildFile; fileRef = 6FD3C50317F739E8D419E8E6 /* Foundation.framework */; };
		123AC0A76BBE98F064817EC4 /* AppDelegate.swift in Sources */ = {isa = PBXBuildFile; fileRef = C2BC98C6258C3F854C69589F /* AppDelegate.swift */; };
		75BBE582FAA7E9E226E3B9F9 /* Main.storyboard in Sources */ = {isa = PBXBuildFile; fileRef = FCDD9440779E963CADB83333 /* Main.storyboard */; };
		811EE2C41B582E740026896F /* EpisodeViewController.swift in Sources */ = {isa = PBXBuildFile; fileRef = 811EE2C31B582E740026896F /* EpisodeViewController.swift */; };
		811EE2C61B583AE30026896F /* SeasonViewController.swift in Sources */ = {isa = PBXBuildFile; fileRef = 811EE2C51B583AE30026896F /* SeasonViewController.swift */; };
		811EE2C81B5846260026896F /* EpisodeTableViewCell.swift in Sources */ = {isa = PBXBuildFile; fileRef = 811EE2C71B5846260026896F /* EpisodeTableViewCell.swift */; };
		814BFE501B67F5FA00157C7D /* FavoritesManager.swift in Sources */ = {isa = PBXBuildFile; fileRef = 814BFE4F1B67F5FA00157C7D /* FavoritesManager.swift */; };
		81A91B981B5978E3007C1E3A /* ShowsCollectionViewCell.swift in Sources */ = {isa = PBXBuildFile; fileRef = 81A91B971B5978E3007C1E3A /* ShowsCollectionViewCell.swift */; };
		81A91B9A1B597C3D007C1E3A /* ShowsViewController.swift in Sources */ = {isa = PBXBuildFile; fileRef = 81A91B991B597C3D007C1E3A /* ShowsViewController.swift */; };
		81C524021B600DFF00CD0FED /* TraktHTTPClient.swift in Sources */ = {isa = PBXBuildFile; fileRef = 81C524011B600DFF00CD0FED /* TraktHTTPClient.swift */; };
		81C7BC571B66C15500C5880F /* SeasonsTableViewController.swift in Sources */ = {isa = PBXBuildFile; fileRef = 81C7BC561B66C15500C5880F /* SeasonsTableViewController.swift */; };
		81C7BC591B66D03600C5880F /* SeasonsTableViewCell.swift in Sources */ = {isa = PBXBuildFile; fileRef = 81C7BC581B66D03600C5880F /* SeasonsTableViewCell.swift */; };
		81FCF7791B56DE4200E78ACA /* CustomNavigationController.swift in Sources */ = {isa = PBXBuildFile; fileRef = 81FCF7781B56DE4200E78ACA /* CustomNavigationController.swift */; };
		9C07082D31D8BE9A864C526F /* LaunchScreen.xib in Sources */ = {isa = PBXBuildFile; fileRef = C58147B1CAD29A480121EE0D /* LaunchScreen.xib */; };
		A11813B1FC5F8F0648726FE9 /* Images.xcassets in Resources */ = {isa = PBXBuildFile; fileRef = F21FADF1F49E4EC5D4EC6483 /* Images.xcassets */; };
		A486EA714178371DF67C4476 /* Pods_unit_tests.framework in Frameworks */ = {isa = PBXBuildFile; fileRef = 45C0B0A2B84963AC8C6AD419 /* Pods_unit_tests.framework */; settings = {ATTRIBUTES = (Weak, ); }; };
		B38D8EF1C160A3AA01220F5F /* Pods_ovo.framework in Frameworks */ = {isa = PBXBuildFile; fileRef = BA2B95E0D20CB78577E0AF4D /* Pods_ovo.framework */; settings = {ATTRIBUTES = (Weak, ); }; };
		E22AF60C2C34D51208B46BC1 /* Storyboards.swift in Sources */ = {isa = PBXBuildFile; fileRef = 70880466685C86E9D8FEB21D /* Storyboards.swift */; };
/* End PBXBuildFile section */

/* Begin PBXContainerItemProxy section */
		2E0962BFE8957CD305C93263 /* PBXContainerItemProxy */ = {
			isa = PBXContainerItemProxy;
			containerPortal = F9EC0F9EDEB50F1CD88A1C9B /* Project object */;
			proxyType = 1;
			remoteGlobalIDString = CDFCD00FCB6CC252DEED4B2A;
			remoteInfo = ovo;
		};
/* End PBXContainerItemProxy section */

/* Begin PBXFileReference section */
		45C0B0A2B84963AC8C6AD419 /* Pods_unit_tests.framework */ = {isa = PBXFileReference; explicitFileType = wrapper.framework; includeInIndex = 0; path = Pods_unit_tests.framework; sourceTree = BUILT_PRODUCTS_DIR; };
		47B422E841D8F70211129D92 /* Pods-unit_tests.debug.xcconfig */ = {isa = PBXFileReference; includeInIndex = 1; lastKnownFileType = text.xcconfig; name = "Pods-unit_tests.debug.xcconfig"; path = "Pods/Target Support Files/Pods-unit_tests/Pods-unit_tests.debug.xcconfig"; sourceTree = "<group>"; };
		4FC3643DA5CFE92C6659B7D2 /* Pods-ovo.release.xcconfig */ = {isa = PBXFileReference; includeInIndex = 1; lastKnownFileType = text.xcconfig; name = "Pods-ovo.release.xcconfig"; path = "Pods/Target Support Files/Pods-ovo/Pods-ovo.release.xcconfig"; sourceTree = "<group>"; };
		58DE692D4818B7762D3861FA /* Pods-unit_tests.release.xcconfig */ = {isa = PBXFileReference; includeInIndex = 1; lastKnownFileType = text.xcconfig; name = "Pods-unit_tests.release.xcconfig"; path = "Pods/Target Support Files/Pods-unit_tests/Pods-unit_tests.release.xcconfig"; sourceTree = "<group>"; };
		699022633D87DDF4AC3C78F1 /* Info.plist */ = {isa = PBXFileReference; includeInIndex = 1; lastKnownFileType = text.plist.xml; path = Info.plist; sourceTree = "<group>"; };
		6FD3C50317F739E8D419E8E6 /* Foundation.framework */ = {isa = PBXFileReference; lastKnownFileType = wrapper.framework; name = Foundation.framework; path = Platforms/iPhoneOS.platform/Developer/SDKs/iPhoneOS7.1.sdk/System/Library/Frameworks/Foundation.framework; sourceTree = DEVELOPER_DIR; };
		70880466685C86E9D8FEB21D /* Storyboards.swift */ = {isa = PBXFileReference; includeInIndex = 1; lastKnownFileType = sourcecode.swift; path = Storyboards.swift; sourceTree = "<group>"; };
		811EE2C31B582E740026896F /* EpisodeViewController.swift */ = {isa = PBXFileReference; fileEncoding = 4; lastKnownFileType = sourcecode.swift; name = EpisodeViewController.swift; path = ovo/ViewControllers/EpisodeViewController.swift; sourceTree = SOURCE_ROOT; };
		811EE2C51B583AE30026896F /* SeasonViewController.swift */ = {isa = PBXFileReference; fileEncoding = 4; lastKnownFileType = sourcecode.swift; name = SeasonViewController.swift; path = ovo/ViewControllers/SeasonViewController.swift; sourceTree = SOURCE_ROOT; };
		811EE2C71B5846260026896F /* EpisodeTableViewCell.swift */ = {isa = PBXFileReference; fileEncoding = 4; lastKnownFileType = sourcecode.swift; path = EpisodeTableViewCell.swift; sourceTree = "<group>"; };
		814BFE4F1B67F5FA00157C7D /* FavoritesManager.swift */ = {isa = PBXFileReference; fileEncoding = 4; lastKnownFileType = sourcecode.swift; path = FavoritesManager.swift; sourceTree = "<group>"; };
		81A91B971B5978E3007C1E3A /* ShowsCollectionViewCell.swift */ = {isa = PBXFileReference; fileEncoding = 4; lastKnownFileType = sourcecode.swift; path = ShowsCollectionViewCell.swift; sourceTree = "<group>"; };
		81A91B991B597C3D007C1E3A /* ShowsViewController.swift */ = {isa = PBXFileReference; fileEncoding = 4; lastKnownFileType = sourcecode.swift; path = ShowsViewController.swift; sourceTree = "<group>"; };
		81C524011B600DFF00CD0FED /* TraktHTTPClient.swift */ = {isa = PBXFileReference; fileEncoding = 4; lastKnownFileType = sourcecode.swift; path = TraktHTTPClient.swift; sourceTree = "<group>"; };
		81C7BC561B66C15500C5880F /* SeasonsTableViewController.swift */ = {isa = PBXFileReference; fileEncoding = 4; lastKnownFileType = sourcecode.swift; path = SeasonsTableViewController.swift; sourceTree = "<group>"; };
		81C7BC581B66D03600C5880F /* SeasonsTableViewCell.swift */ = {isa = PBXFileReference; fileEncoding = 4; lastKnownFileType = sourcecode.swift; path = SeasonsTableViewCell.swift; sourceTree = "<group>"; };
		81FCF7781B56DE4200E78ACA /* CustomNavigationController.swift */ = {isa = PBXFileReference; fileEncoding = 4; lastKnownFileType = sourcecode.swift; path = CustomNavigationController.swift; sourceTree = "<group>"; };
		8AC1433931C36FDC01250EA1 /* UnitTests-Info.plist */ = {isa = PBXFileReference; includeInIndex = 1; lastKnownFileType = text.plist.xml; path = "UnitTests-Info.plist"; sourceTree = "<group>"; };
		98DB4AF8E47D028E4AC1C614 /* ovo.app */ = {isa = PBXFileReference; explicitFileType = wrapper.application; includeInIndex = 0; path = ovo.app; sourceTree = BUILT_PRODUCTS_DIR; };
		BA2B95E0D20CB78577E0AF4D /* Pods_ovo.framework */ = {isa = PBXFileReference; explicitFileType = wrapper.framework; includeInIndex = 0; path = Pods_ovo.framework; sourceTree = BUILT_PRODUCTS_DIR; };
		C2BC98C6258C3F854C69589F /* AppDelegate.swift */ = {isa = PBXFileReference; includeInIndex = 1; lastKnownFileType = sourcecode.swift; path = AppDelegate.swift; sourceTree = "<group>"; };
		C58147B1CAD29A480121EE0D /* LaunchScreen.xib */ = {isa = PBXFileReference; includeInIndex = 1; lastKnownFileType = file.xib; path = LaunchScreen.xib; sourceTree = "<group>"; };
		E284A4453EE553DA17061CCD /* Pods-ovo.debug.xcconfig */ = {isa = PBXFileReference; includeInIndex = 1; lastKnownFileType = text.xcconfig; name = "Pods-ovo.debug.xcconfig"; path = "Pods/Target Support Files/Pods-ovo/Pods-ovo.debug.xcconfig"; sourceTree = "<group>"; };
		ECCEC97B91000DFC91264F24 /* UnitTests.xctest */ = {isa = PBXFileReference; explicitFileType = wrapper.cfbundle; includeInIndex = 0; path = UnitTests.xctest; sourceTree = BUILT_PRODUCTS_DIR; };
		F21FADF1F49E4EC5D4EC6483 /* Images.xcassets */ = {isa = PBXFileReference; includeInIndex = 1; lastKnownFileType = folder.assetcatalog; path = Images.xcassets; sourceTree = "<group>"; };
		FCDD9440779E963CADB83333 /* Main.storyboard */ = {isa = PBXFileReference; includeInIndex = 1; lastKnownFileType = file.storyboard; path = Main.storyboard; sourceTree = "<group>"; };
/* End PBXFileReference section */

/* Begin PBXFrameworksBuildPhase section */
		1CA9EDDFD7FCD78D7FA0D5B2 /* Frameworks */ = {
			isa = PBXFrameworksBuildPhase;
			buildActionMask = 2147483647;
			files = (
				07F66B4FC49C15A8142998B4 /* Foundation.framework in Frameworks */,
				B38D8EF1C160A3AA01220F5F /* Pods_ovo.framework in Frameworks */,
			);
			runOnlyForDeploymentPostprocessing = 0;
		};
		F5DFA536578E1EBCC47B42D7 /* Frameworks */ = {
			isa = PBXFrameworksBuildPhase;
			buildActionMask = 2147483647;
			files = (
				A486EA714178371DF67C4476 /* Pods_unit_tests.framework in Frameworks */,
			);
			runOnlyForDeploymentPostprocessing = 0;
		};
/* End PBXFrameworksBuildPhase section */

/* Begin PBXGroup section */
		06312ACE1147FAB4D79D078C /* Models */ = {
			isa = PBXGroup;
			children = (
				814BFE4F1B67F5FA00157C7D /* FavoritesManager.swift */,
			);
			path = Models;
			sourceTree = "<group>";
		};
		1113CCDBE019CA98D6E32C60 /* Helpers */ = {
			isa = PBXGroup;
			children = (
			);
			path = Helpers;
			sourceTree = "<group>";
		};
		2E4AA91B10B0BEC042D362B6 /* Other-Sources */ = {
			isa = PBXGroup;
			children = (
				699022633D87DDF4AC3C78F1 /* Info.plist */,
			);
			path = "Other-Sources";
			sourceTree = "<group>";
		};
		386302AA3A3EAFE2AF5B6DBD /* UnitTests */ = {
			isa = PBXGroup;
			children = (
				522AAEB87C79D41EE02EBD76 /* Resources */,
				1113CCDBE019CA98D6E32C60 /* Helpers */,
				D74B9A4D0A71B779C2F31D96 /* Tests */,
			);
			path = UnitTests;
			sourceTree = "<group>";
		};
		4543C081D3EE0FE1216C2469 /* Protocols */ = {
			isa = PBXGroup;
			children = (
			);
			path = Protocols;
			sourceTree = "<group>";
		};
		522AAEB87C79D41EE02EBD76 /* Resources */ = {
			isa = PBXGroup;
			children = (
				8AC1433931C36FDC01250EA1 /* UnitTests-Info.plist */,
			);
			path = Resources;
			sourceTree = "<group>";
		};
		7E1BAAC7B36A7CB930D5AF6E /* Extensions */ = {
			isa = PBXGroup;
			children = (
			);
			path = Extensions;
			sourceTree = "<group>";
		};
		8E942D2A7348BC12E79A8847 /* Resources */ = {
			isa = PBXGroup;
			children = (
				F21FADF1F49E4EC5D4EC6483 /* Images.xcassets */,
				F3E324095F8C7532FC172CBA /* Storyboards */,
				E5A7E849161BDD3345DBF27D /* Nibs */,
				2E4AA91B10B0BEC042D362B6 /* Other-Sources */,
			);
			path = Resources;
			sourceTree = "<group>";
		};
		94707BBD6F569BA17B3A7374 /* Frameworks */ = {
			isa = PBXGroup;
			children = (
				D2AE9D38EEE6D08C128614F5 /* iOS */,
				45C0B0A2B84963AC8C6AD419 /* Pods_unit_tests.framework */,
				BA2B95E0D20CB78577E0AF4D /* Pods_ovo.framework */,
			);
			name = Frameworks;
			sourceTree = "<group>";
		};
		957B487564B07162CD50B752 /* Pods */ = {
			isa = PBXGroup;
			children = (
				58DE692D4818B7762D3861FA /* Pods-unit_tests.release.xcconfig */,
				47B422E841D8F70211129D92 /* Pods-unit_tests.debug.xcconfig */,
				4FC3643DA5CFE92C6659B7D2 /* Pods-ovo.release.xcconfig */,
				E284A4453EE553DA17061CCD /* Pods-ovo.debug.xcconfig */,
			);
			name = Pods;
			sourceTree = "<group>";
		};
		9AE555E2148BA03066067BFF = {
			isa = PBXGroup;
			children = (
				F71ABE47482EA625599A8C16 /* ovo */,
				386302AA3A3EAFE2AF5B6DBD /* UnitTests */,
				94707BBD6F569BA17B3A7374 /* Frameworks */,
				E88657253B407C38B8B08DA0 /* Products */,
				957B487564B07162CD50B752 /* Pods */,
			);
			indentWidth = 4;
			sourceTree = "<group>";
			tabWidth = 4;
			usesTabs = 0;
		};
		9E2489C2FAF9CD3BAE50DA08 /* Controllers */ = {
			isa = PBXGroup;
			children = (
				C2BC98C6258C3F854C69589F /* AppDelegate.swift */,
				70880466685C86E9D8FEB21D /* Storyboards.swift */,
				81FCF7781B56DE4200E78ACA /* CustomNavigationController.swift */,
				81C524011B600DFF00CD0FED /* TraktHTTPClient.swift */,
			);
			path = Controllers;
			sourceTree = "<group>";
		};
		C1AEE0F0A878E50B4F8C27FF /* ViewControllers */ = {
			isa = PBXGroup;
			children = (
				811EE2C31B582E740026896F /* EpisodeViewController.swift */,
				811EE2C51B583AE30026896F /* SeasonViewController.swift */,
				81A91B991B597C3D007C1E3A /* ShowsViewController.swift */,
				81C7BC561B66C15500C5880F /* SeasonsTableViewController.swift */,
			);
			path = ViewControllers;
			sourceTree = "<group>";
		};
		D2AE9D38EEE6D08C128614F5 /* iOS */ = {
			isa = PBXGroup;
			children = (
				6FD3C50317F739E8D419E8E6 /* Foundation.framework */,
			);
			name = iOS;
			sourceTree = "<group>";
		};
		D74B9A4D0A71B779C2F31D96 /* Tests */ = {
			isa = PBXGroup;
			children = (
			);
			path = Tests;
			sourceTree = "<group>";
		};
		E5A7E849161BDD3345DBF27D /* Nibs */ = {
			isa = PBXGroup;
			children = (
				C58147B1CAD29A480121EE0D /* LaunchScreen.xib */,
			);
			path = Nibs;
			sourceTree = "<group>";
		};
		E5DD680B32BBFE71A8A2495F /* Views */ = {
			isa = PBXGroup;
			children = (
				811EE2C71B5846260026896F /* EpisodeTableViewCell.swift */,
				81A91B971B5978E3007C1E3A /* ShowsCollectionViewCell.swift */,
				81C7BC581B66D03600C5880F /* SeasonsTableViewCell.swift */,
			);
			path = Views;
			sourceTree = "<group>";
		};
		E88657253B407C38B8B08DA0 /* Products */ = {
			isa = PBXGroup;
			children = (
				98DB4AF8E47D028E4AC1C614 /* ovo.app */,
				ECCEC97B91000DFC91264F24 /* UnitTests.xctest */,
			);
			name = Products;
			sourceTree = "<group>";
		};
		F3E324095F8C7532FC172CBA /* Storyboards */ = {
			isa = PBXGroup;
			children = (
				FCDD9440779E963CADB83333 /* Main.storyboard */,
			);
			path = Storyboards;
			sourceTree = "<group>";
		};
		F71ABE47482EA625599A8C16 /* ovo */ = {
			isa = PBXGroup;
			children = (
				7E1BAAC7B36A7CB930D5AF6E /* Extensions */,
				4543C081D3EE0FE1216C2469 /* Protocols */,
				06312ACE1147FAB4D79D078C /* Models */,
				C1AEE0F0A878E50B4F8C27FF /* ViewControllers */,
				9E2489C2FAF9CD3BAE50DA08 /* Controllers */,
				E5DD680B32BBFE71A8A2495F /* Views */,
				8E942D2A7348BC12E79A8847 /* Resources */,
			);
			path = ovo;
			sourceTree = "<group>";
		};
/* End PBXGroup section */

/* Begin PBXNativeTarget section */
		9808B2DE2A4EDADED5475003 /* UnitTests */ = {
			isa = PBXNativeTarget;
			buildConfigurationList = F010C20996822AEE0D8BC627 /* Build configuration list for PBXNativeTarget "UnitTests" */;
			buildPhases = (
				D61AC9C0179366D704CC6BF5 /* Check Pods Manifest.lock */,
				06565FD047DC16E023D385E6 /* Sources */,
				F5DFA536578E1EBCC47B42D7 /* Frameworks */,
				30897791E2C169F40ED2E4CB /* Resources */,
				303926D38FA9B706D3A691DA /* Embed Pods Frameworks */,
				CC2166777D0C7D6A90482B97 /* Copy Pods Resources */,
			);
			buildRules = (
			);
			dependencies = (
				AFA2D308175DBD8D1977801E /* PBXTargetDependency */,
			);
			name = UnitTests;
			productName = UnitTests;
			productReference = ECCEC97B91000DFC91264F24 /* UnitTests.xctest */;
			productType = "com.apple.product-type.bundle.unit-test";
		};
		CDFCD00FCB6CC252DEED4B2A /* ovo */ = {
			isa = PBXNativeTarget;
			buildConfigurationList = EC0D998A39436E21CA0FB1CB /* Build configuration list for PBXNativeTarget "ovo" */;
			buildPhases = (
				7CBB9B2DAD8BF8E8E32D49FC /* Check Pods Manifest.lock */,
				6EDEF294718239C2B6B2B515 /* Generate Storyboards.swift (Natalie) */,
				6B8175F7BFA0CF787EEA0489 /* Sources */,
				1CA9EDDFD7FCD78D7FA0D5B2 /* Frameworks */,
				DBA55E4EE8AC6DAA90498550 /* Resources */,
				5C83C23D6677625626AC96EA /* Warn for TODO and FIXME comments */,
				581B9D18F70EF75C0A1D44AF /* Set version number */,
				8C3C0EE372F13705D167611C /* Embed Pods Frameworks */,
				836078BD5FACF96F86886D14 /* Copy Pods Resources */,
			);
			buildRules = (
			);
			dependencies = (
			);
			name = ovo;
			productName = ovo;
			productReference = 98DB4AF8E47D028E4AC1C614 /* ovo.app */;
			productType = "com.apple.product-type.application";
		};
/* End PBXNativeTarget section */

/* Begin PBXProject section */
		F9EC0F9EDEB50F1CD88A1C9B /* Project object */ = {
			isa = PBXProject;
			attributes = {
				CLASSPREFIX = "";
				LastUpgradeCheck = 0510;
				ORGANIZATIONNAME = "";
			};
			buildConfigurationList = EBA7FA64F33F6A0FE0009099 /* Build configuration list for PBXProject "ovo" */;
			compatibilityVersion = "Xcode 3.2";
			developmentRegion = English;
			hasScannedForEncodings = 0;
			knownRegions = (
				en,
			);
			mainGroup = 9AE555E2148BA03066067BFF;
			productRefGroup = E88657253B407C38B8B08DA0 /* Products */;
			projectDirPath = "";
			projectRoot = "";
			targets = (
				CDFCD00FCB6CC252DEED4B2A /* ovo */,
				9808B2DE2A4EDADED5475003 /* UnitTests */,
			);
		};
/* End PBXProject section */

/* Begin PBXResourcesBuildPhase section */
		30897791E2C169F40ED2E4CB /* Resources */ = {
			isa = PBXResourcesBuildPhase;
			buildActionMask = 2147483647;
			files = (
			);
			runOnlyForDeploymentPostprocessing = 0;
		};
		DBA55E4EE8AC6DAA90498550 /* Resources */ = {
			isa = PBXResourcesBuildPhase;
			buildActionMask = 2147483647;
			files = (
				A11813B1FC5F8F0648726FE9 /* Images.xcassets in Resources */,
			);
			runOnlyForDeploymentPostprocessing = 0;
		};
/* End PBXResourcesBuildPhase section */

/* Begin PBXShellScriptBuildPhase section */
		303926D38FA9B706D3A691DA /* Embed Pods Frameworks */ = {
			isa = PBXShellScriptBuildPhase;
			buildActionMask = 2147483647;
			files = (
			);
			inputPaths = (
			);
			name = "Embed Pods Frameworks";
			outputPaths = (
			);
			runOnlyForDeploymentPostprocessing = 0;
			shellPath = /bin/sh;
			shellScript = "\"${SRCROOT}/Pods/Target Support Files/Pods-unit_tests/Pods-unit_tests-frameworks.sh\"\n";
			showEnvVarsInLog = 0;
		};
		581B9D18F70EF75C0A1D44AF /* Set version number */ = {
			isa = PBXShellScriptBuildPhase;
			buildActionMask = 2147483647;
			files = (
			);
			inputPaths = (
			);
			name = "Set version number";
			outputPaths = (
			);
			runOnlyForDeploymentPostprocessing = 0;
			shellPath = /bin/sh;
			shellScript = "git=$(sh /etc/profile; which git)\ngit_release_version=$(\"$git\" describe --tags --always --abbrev=0)\nnumber_of_commits=$(\"$git\" rev-list master | wc -l | tr -d ' ')\ntarget_plist=\"$TARGET_BUILD_DIR/$INFOPLIST_PATH\"\ndsym_plist=\"$DWARF_DSYM_FOLDER_PATH/$DWARF_DSYM_FILE_NAME/Contents/Info.plist\"\n\nfor plist in \"$target_plist\" \"$dsym_plist\"; do\n  if [ -f \"$plist\" ]; then\n    /usr/libexec/PlistBuddy -c \"Set :CFBundleVersion $number_of_commits\" \"$plist\"\n    /usr/libexec/PlistBuddy -c \"Set :CFBundleShortVersionString ${git_release_version#*v}\" \"$plist\"\n  fi\ndone\n";
		};
		5C83C23D6677625626AC96EA /* Warn for TODO and FIXME comments */ = {
			isa = PBXShellScriptBuildPhase;
			buildActionMask = 2147483647;
			files = (
			);
			inputPaths = (
			);
			name = "Warn for TODO and FIXME comments";
			outputPaths = (
			);
			runOnlyForDeploymentPostprocessing = 0;
			shellPath = /bin/sh;
			shellScript = "KEYWORDS=\"TODO:|FIXME:|\\?\\?\\?:|\\!\\!\\!:\"\nFILE_EXTENSIONS=\"swift|h|m|mm|c|cpp\"\nfind -E \"${SRCROOT}\" -ipath \"${SRCROOT}/pods\" -prune -o \\( -regex \".*\\.($FILE_EXTENSIONS)$\" \\) -print0 | xargs -0 egrep --with-filename --line-number --only-matching \"($KEYWORDS).*\\$\" | perl -p -e \"s/($KEYWORDS)/ warning: \\$1/\"\n";
		};
		6EDEF294718239C2B6B2B515 /* Generate Storyboards.swift (Natalie) */ = {
			isa = PBXShellScriptBuildPhase;
			buildActionMask = 2147483647;
			files = (
			);
			inputPaths = (
			);
			name = "Generate Storyboards.swift (Natalie)";
			outputPaths = (
			);
			runOnlyForDeploymentPostprocessing = 0;
			shellPath = /bin/sh;
			shellScript = "/usr/local/bin/natalie.swift \"$PROJECT_DIR/$PROJECT_NAME\" > \"$PROJECT_DIR/$PROJECT_NAME/Controllers/Storyboards.swift\"\n";
		};
		7CBB9B2DAD8BF8E8E32D49FC /* Check Pods Manifest.lock */ = {
			isa = PBXShellScriptBuildPhase;
			buildActionMask = 2147483647;
			files = (
			);
			inputPaths = (
			);
			name = "Check Pods Manifest.lock";
			outputPaths = (
			);
			runOnlyForDeploymentPostprocessing = 0;
			shellPath = /bin/sh;
			shellScript = "diff \"${PODS_ROOT}/../Podfile.lock\" \"${PODS_ROOT}/Manifest.lock\" > /dev/null\nif [[ $? != 0 ]] ; then\n    cat << EOM\nerror: The sandbox is not in sync with the Podfile.lock. Run 'pod install' or update your CocoaPods installation.\nEOM\n    exit 1\nfi\n";
			showEnvVarsInLog = 0;
		};
		836078BD5FACF96F86886D14 /* Copy Pods Resources */ = {
			isa = PBXShellScriptBuildPhase;
			buildActionMask = 2147483647;
			files = (
			);
			inputPaths = (
			);
			name = "Copy Pods Resources";
			outputPaths = (
			);
			runOnlyForDeploymentPostprocessing = 0;
			shellPath = /bin/sh;
			shellScript = "\"${SRCROOT}/Pods/Target Support Files/Pods-ovo/Pods-ovo-resources.sh\"\n";
			showEnvVarsInLog = 0;
		};
		8C3C0EE372F13705D167611C /* Embed Pods Frameworks */ = {
			isa = PBXShellScriptBuildPhase;
			buildActionMask = 2147483647;
			files = (
			);
			inputPaths = (
			);
			name = "Embed Pods Frameworks";
			outputPaths = (
			);
			runOnlyForDeploymentPostprocessing = 0;
			shellPath = /bin/sh;
			shellScript = "\"${SRCROOT}/Pods/Target Support Files/Pods-ovo/Pods-ovo-frameworks.sh\"\n";
			showEnvVarsInLog = 0;
		};
		CC2166777D0C7D6A90482B97 /* Copy Pods Resources */ = {
			isa = PBXShellScriptBuildPhase;
			buildActionMask = 2147483647;
			files = (
			);
			inputPaths = (
			);
			name = "Copy Pods Resources";
			outputPaths = (
			);
			runOnlyForDeploymentPostprocessing = 0;
			shellPath = /bin/sh;
			shellScript = "\"${SRCROOT}/Pods/Target Support Files/Pods-unit_tests/Pods-unit_tests-resources.sh\"\n";
			showEnvVarsInLog = 0;
		};
		D61AC9C0179366D704CC6BF5 /* Check Pods Manifest.lock */ = {
			isa = PBXShellScriptBuildPhase;
			buildActionMask = 2147483647;
			files = (
			);
			inputPaths = (
			);
			name = "Check Pods Manifest.lock";
			outputPaths = (
			);
			runOnlyForDeploymentPostprocessing = 0;
			shellPath = /bin/sh;
			shellScript = "diff \"${PODS_ROOT}/../Podfile.lock\" \"${PODS_ROOT}/Manifest.lock\" > /dev/null\nif [[ $? != 0 ]] ; then\n    cat << EOM\nerror: The sandbox is not in sync with the Podfile.lock. Run 'pod install' or update your CocoaPods installation.\nEOM\n    exit 1\nfi\n";
			showEnvVarsInLog = 0;
		};
/* End PBXShellScriptBuildPhase section */

/* Begin PBXSourcesBuildPhase section */
		06565FD047DC16E023D385E6 /* Sources */ = {
			isa = PBXSourcesBuildPhase;
			buildActionMask = 2147483647;
			files = (
			);
			runOnlyForDeploymentPostprocessing = 0;
		};
		6B8175F7BFA0CF787EEA0489 /* Sources */ = {
			isa = PBXSourcesBuildPhase;
			buildActionMask = 2147483647;
			files = (
				123AC0A76BBE98F064817EC4 /* AppDelegate.swift in Sources */,
				81C7BC591B66D03600C5880F /* SeasonsTableViewCell.swift in Sources */,
				81A91B9A1B597C3D007C1E3A /* ShowsViewController.swift in Sources */,
				814BFE501B67F5FA00157C7D /* FavoritesManager.swift in Sources */,
				811EE2C81B5846260026896F /* EpisodeTableViewCell.swift in Sources */,
				81FCF7791B56DE4200E78ACA /* CustomNavigationController.swift in Sources */,
				E22AF60C2C34D51208B46BC1 /* Storyboards.swift in Sources */,
				811EE2C61B583AE30026896F /* SeasonViewController.swift in Sources */,
				75BBE582FAA7E9E226E3B9F9 /* Main.storyboard in Sources */,
				811EE2C41B582E740026896F /* EpisodeViewController.swift in Sources */,
				81C7BC571B66C15500C5880F /* SeasonsTableViewController.swift in Sources */,
				81A91B981B5978E3007C1E3A /* ShowsCollectionViewCell.swift in Sources */,
				81C524021B600DFF00CD0FED /* TraktHTTPClient.swift in Sources */,
				9C07082D31D8BE9A864C526F /* LaunchScreen.xib in Sources */,
			);
			runOnlyForDeploymentPostprocessing = 0;
		};
/* End PBXSourcesBuildPhase section */

/* Begin PBXTargetDependency section */
		AFA2D308175DBD8D1977801E /* PBXTargetDependency */ = {
			isa = PBXTargetDependency;
			target = CDFCD00FCB6CC252DEED4B2A /* ovo */;
			targetProxy = 2E0962BFE8957CD305C93263 /* PBXContainerItemProxy */;
		};
/* End PBXTargetDependency section */

/* Begin XCBuildConfiguration section */
		10A82D345D054CE21AD59DE0 /* Debug */ = {
			isa = XCBuildConfiguration;
			baseConfigurationReference = E284A4453EE553DA17061CCD /* Pods-ovo.debug.xcconfig */;
			buildSettings = {
				ALWAYS_SEARCH_USER_PATHS = NO;
				COPY_PHASE_STRIP = NO;
				DSTROOT = /tmp/xcodeproj.dst;
				GCC_DYNAMIC_NO_PIC = NO;
				GCC_OPTIMIZATION_LEVEL = 0;
				GCC_PRECOMPILE_PREFIX_HEADER = YES;
				GCC_PREPROCESSOR_DEFINITIONS = (
					"DEBUG=1",
					"$(inherited)",
				);
				GCC_SYMBOLS_PRIVATE_EXTERN = NO;
				INFOPLIST_FILE = "ovo/Resources/Other-Sources/Info.plist";
				INSTALL_PATH = "$(BUILT_PRODUCTS_DIR)";
				LD_RUNPATH_SEARCH_PATHS = "$(inherited) @executable_path/Frameworks";
				PRODUCT_NAME = "$(TARGET_NAME)";
				PUBLIC_HEADERS_FOLDER_PATH = "$(TARGET_NAME)";
				SDKROOT = iphoneos;
			};
			name = Debug;
		};
		4E903510CA6C232A9857171B /* Release */ = {
			isa = XCBuildConfiguration;
			baseConfigurationReference = 58DE692D4818B7762D3861FA /* Pods-unit_tests.release.xcconfig */;
			buildSettings = {
				BUNDLE_LOADER = "$(BUILT_PRODUCTS_DIR)/ovo.app/ovo";
				FRAMEWORK_SEARCH_PATHS = (
					"$(SDKROOT)/Developer/Library/Frameworks",
					"$(inherited)",
					"$(DEVELOPER_FRAMEWORKS_DIR)",
				);
				INFOPLIST_FILE = "UnitTests/Resources/UnitTests-Info.plist";
				PRODUCT_NAME = "$(TARGET_NAME)";
				SDKROOT = iphoneos;
				SKIP_INSTALL = YES;
				TEST_HOST = "$(BUNDLE_LOADER)";
				WRAPPER_EXTENSION = xctest;
			};
			name = Release;
		};
		9A75DF98BAE394E75AD24364 /* Debug */ = {
			isa = XCBuildConfiguration;
			buildSettings = {
				ALWAYS_SEARCH_USER_PATHS = NO;
				ASSETCATALOG_COMPILER_APPICON_NAME = AppIcon;
				CLANG_CXX_LANGUAGE_STANDARD = "gnu++0x";
				CLANG_CXX_LIBRARY = "libc++";
				CLANG_ENABLE_MODULES = YES;
				CLANG_ENABLE_OBJC_ARC = YES;
				CLANG_WARN_BOOL_CONVERSION = YES;
				CLANG_WARN_CONSTANT_CONVERSION = YES;
				CLANG_WARN_DEPRECATED_OBJC_IMPLEMENTATIONS = YES;
				CLANG_WARN_DIRECT_OBJC_ISA_USAGE = YES;
				CLANG_WARN_EMPTY_BODY = YES;
				CLANG_WARN_ENUM_CONVERSION = YES;
				CLANG_WARN_IMPLICIT_SIGN_CONVERSION = YES;
				CLANG_WARN_INT_CONVERSION = YES;
				CLANG_WARN_OBJC_IMPLICIT_RETAIN_SELF = YES;
				CLANG_WARN_OBJC_ROOT_CLASS = YES;
				CLANG_WARN_SUSPICIOUS_IMPLICIT_CONVERSION = YES;
				"CODE_SIGN_IDENTITY[sdk=iphoneos*]" = "iPhone Developer";
				COPY_PHASE_STRIP = YES;
				GCC_C_LANGUAGE_STANDARD = gnu99;
				GCC_DYNAMIC_NO_PIC = NO;
				GCC_OPTIMIZATION_LEVEL = 0;
				GCC_PREPROCESSOR_DEFINITIONS = (
					"DEBUG=1",
					"$(inherited)",
				);
				GCC_SYMBOLS_PRIVATE_EXTERN = NO;
				GCC_WARN_64_TO_32_BIT_CONVERSION = YES;
				GCC_WARN_ABOUT_DEPRECATED_FUNCTIONS = YES;
				GCC_WARN_ABOUT_MISSING_FIELD_INITIALIZERS = YES;
				GCC_WARN_ABOUT_MISSING_NEWLINE = YES;
				GCC_WARN_ABOUT_RETURN_TYPE = YES;
				GCC_WARN_CHECK_SWITCH_STATEMENTS = YES;
				GCC_WARN_INITIALIZER_NOT_FULLY_BRACKETED = YES;
				GCC_WARN_MISSING_PARENTHESES = YES;
				GCC_WARN_SHADOW = YES;
				GCC_WARN_SIGN_COMPARE = YES;
				GCC_WARN_TYPECHECK_CALLS_TO_PRINTF = YES;
				GCC_WARN_UNDECLARED_SELECTOR = YES;
				GCC_WARN_UNINITIALIZED_AUTOS = YES;
				GCC_WARN_UNUSED_FUNCTION = YES;
				GCC_WARN_UNUSED_LABEL = YES;
				GCC_WARN_UNUSED_VALUE = YES;
				GCC_WARN_UNUSED_VARIABLE = YES;
				IPHONEOS_DEPLOYMENT_TARGET = 8.0;
				ONLY_ACTIVE_ARCH = YES;
				RUN_CLANG_STATIC_ANALYZER = YES;
				SDKROOT = iphoneos;
			};
			name = Debug;
		};
		B1FCA0E30796B53BEBDF4D38 /* Debug */ = {
			isa = XCBuildConfiguration;
			baseConfigurationReference = 47B422E841D8F70211129D92 /* Pods-unit_tests.debug.xcconfig */;
			buildSettings = {
				BUNDLE_LOADER = "$(BUILT_PRODUCTS_DIR)/ovo.app/ovo";
				FRAMEWORK_SEARCH_PATHS = (
					"$(SDKROOT)/Developer/Library/Frameworks",
					"$(inherited)",
					"$(DEVELOPER_FRAMEWORKS_DIR)",
				);
				INFOPLIST_FILE = "UnitTests/Resources/UnitTests-Info.plist";
				PRODUCT_NAME = "$(TARGET_NAME)";
				SDKROOT = iphoneos;
				SKIP_INSTALL = YES;
				TEST_HOST = "$(BUNDLE_LOADER)";
				WRAPPER_EXTENSION = xctest;
			};
			name = Debug;
		};
		C76C7F70C526F8AE0BDC9300 /* Release */ = {
			isa = XCBuildConfiguration;
			buildSettings = {
				ALWAYS_SEARCH_USER_PATHS = NO;
				ASSETCATALOG_COMPILER_APPICON_NAME = AppIcon;
				CLANG_CXX_LANGUAGE_STANDARD = "gnu++0x";
				CLANG_CXX_LIBRARY = "libc++";
				CLANG_ENABLE_MODULES = YES;
				CLANG_ENABLE_OBJC_ARC = YES;
				CLANG_WARN_BOOL_CONVERSION = YES;
				CLANG_WARN_CONSTANT_CONVERSION = YES;
				CLANG_WARN_DEPRECATED_OBJC_IMPLEMENTATIONS = YES;
				CLANG_WARN_DIRECT_OBJC_ISA_USAGE = YES;
				CLANG_WARN_EMPTY_BODY = YES;
				CLANG_WARN_ENUM_CONVERSION = YES;
				CLANG_WARN_IMPLICIT_SIGN_CONVERSION = YES;
				CLANG_WARN_INT_CONVERSION = YES;
				CLANG_WARN_OBJC_IMPLICIT_RETAIN_SELF = YES;
				CLANG_WARN_OBJC_ROOT_CLASS = YES;
				CLANG_WARN_SUSPICIOUS_IMPLICIT_CONVERSION = YES;
				"CODE_SIGN_IDENTITY[sdk=iphoneos*]" = "iPhone Developer";
				COPY_PHASE_STRIP = NO;
				ENABLE_NS_ASSERTIONS = NO;
				GCC_C_LANGUAGE_STANDARD = gnu99;
				GCC_WARN_64_TO_32_BIT_CONVERSION = YES;
				GCC_WARN_ABOUT_DEPRECATED_FUNCTIONS = YES;
				GCC_WARN_ABOUT_MISSING_FIELD_INITIALIZERS = YES;
				GCC_WARN_ABOUT_MISSING_NEWLINE = YES;
				GCC_WARN_ABOUT_RETURN_TYPE = YES;
				GCC_WARN_CHECK_SWITCH_STATEMENTS = YES;
				GCC_WARN_INITIALIZER_NOT_FULLY_BRACKETED = YES;
				GCC_WARN_MISSING_PARENTHESES = YES;
				GCC_WARN_SHADOW = YES;
				GCC_WARN_SIGN_COMPARE = YES;
				GCC_WARN_TYPECHECK_CALLS_TO_PRINTF = YES;
				GCC_WARN_UNDECLARED_SELECTOR = YES;
				GCC_WARN_UNINITIALIZED_AUTOS = YES;
				GCC_WARN_UNUSED_FUNCTION = YES;
				GCC_WARN_UNUSED_LABEL = YES;
				GCC_WARN_UNUSED_VALUE = YES;
				GCC_WARN_UNUSED_VARIABLE = YES;
				IPHONEOS_DEPLOYMENT_TARGET = 8.0;
				RUN_CLANG_STATIC_ANALYZER = YES;
				SDKROOT = iphoneos;
				VALIDATE_PRODUCT = YES;
			};
			name = Release;
		};
		FF526B74A8DE14734D017864 /* Release */ = {
			isa = XCBuildConfiguration;
			baseConfigurationReference = 4FC3643DA5CFE92C6659B7D2 /* Pods-ovo.release.xcconfig */;
			buildSettings = {
				ALWAYS_SEARCH_USER_PATHS = NO;
				COPY_PHASE_STRIP = YES;
				DSTROOT = /tmp/xcodeproj.dst;
				GCC_PRECOMPILE_PREFIX_HEADER = YES;
				GCC_TREAT_WARNINGS_AS_ERRORS = YES;
				INFOPLIST_FILE = "ovo/Resources/Other-Sources/Info.plist";
				INSTALL_PATH = "$(BUILT_PRODUCTS_DIR)";
				LD_RUNPATH_SEARCH_PATHS = "$(inherited) @executable_path/Frameworks";
				OTHER_CFLAGS = (
					"-DNS_BLOCK_ASSERTIONS=1",
					"$(inherited)",
				);
				OTHER_CPLUSPLUSFLAGS = (
					"-DNS_BLOCK_ASSERTIONS=1",
					"$(inherited)",
				);
				PRODUCT_NAME = "$(TARGET_NAME)";
				PUBLIC_HEADERS_FOLDER_PATH = "$(TARGET_NAME)";
				SDKROOT = iphoneos;
				VALIDATE_PRODUCT = YES;
			};
			name = Release;
		};
/* End XCBuildConfiguration section */

/* Begin XCConfigurationList section */
		EBA7FA64F33F6A0FE0009099 /* Build configuration list for PBXProject "ovo" */ = {
			isa = XCConfigurationList;
			buildConfigurations = (
				9A75DF98BAE394E75AD24364 /* Debug */,
				C76C7F70C526F8AE0BDC9300 /* Release */,
			);
			defaultConfigurationIsVisible = 0;
			defaultConfigurationName = Release;
		};
		EC0D998A39436E21CA0FB1CB /* Build configuration list for PBXNativeTarget "ovo" */ = {
			isa = XCConfigurationList;
			buildConfigurations = (
				FF526B74A8DE14734D017864 /* Release */,
				10A82D345D054CE21AD59DE0 /* Debug */,
			);
			defaultConfigurationIsVisible = 0;
			defaultConfigurationName = Release;
		};
		F010C20996822AEE0D8BC627 /* Build configuration list for PBXNativeTarget "UnitTests" */ = {
			isa = XCConfigurationList;
			buildConfigurations = (
				4E903510CA6C232A9857171B /* Release */,
				B1FCA0E30796B53BEBDF4D38 /* Debug */,
			);
			defaultConfigurationIsVisible = 0;
			defaultConfigurationName = Release;
		};
/* End XCConfigurationList section */
	};
	rootObject = F9EC0F9EDEB50F1CD88A1C9B /* Project object */;
}
